github.com/bluele/gcache v0.0.2 h1:WcbfdXICg7G/DGBh1PFfcirkWOQV+v077yF1pSy3DGw=
github.com/bluele/gcache v0.0.2/go.mod h1:m15KV+ECjptwSPxKhOhQoAFQVtUFjTVkc3H8o0t/fp0=
github.com/liushuochen/gotable v0.0.0-20220203103525-f7fb3b054140 h1:vmVPgsRdIwn2DVJuJIQZyeFxcQzXiBhyRakrOfUCpow=
github.com/liushuochen/gotable v0.0.0-20220203103525-f7fb3b054140/go.mod h1:CxUy8nDvutaC1pOfaG9TRoYwdHHqoNstSPPKhomC9k8=
golang.org/x/sync v0.0.0-20210220032951-036812b2e83c h1:5KslGYwFpkhGh+Q16bwMP3cOontH8FOep7tGV86Y7SQ=
golang.org/x/sync v0.0.0-20210220032951-036812b2e83c/go.mod h1:RxMgew5VJxzue5/jJTE5uejpjVlOe/izrB70Jof72aM=
